{
  "originHash" : "b2bff4d20867945447b6472a62faacc9e1f90553acb97409b1e4fe4f1ae7b80b",
  "pins" : [
    {
      "identity" : "bitmovin-analytics-collector-ios",
      "kind" : "remoteSourceControl",
      "location" : "https://github.com/bitmovin/bitmovin-analytics-collector-ios.git",
      "state" : {
        "revision" : "2084a34ef569eee0de098fa5d503c4ec0aa96955",
        "version" : "3.8.1"
      }
    },
    {
      "identity" : "mkplayer",
      "kind" : "remoteSourceControl",
      "location" : "https://github.com/mkplayer-ios/MKPlayer.git",
      "state" : {
        "revision" : "3396047d1c5b65f66520df940036e7077e9183ef",
        "version" : "1.28.0"
      }
    },
    {
      "identity" : "player-ios",
      "kind" : "remoteSourceControl",
      "location" : "https://github.com/bitmovin/player-ios.git",
      "state" : {
        "revision" : "394d76f2191c3272a67ef26b5ca7ba9da5bccd04",
        "version" : "3.66.1"
      }
    },
    {
      "identity" : "player-ios-core",
      "kind" : "remoteSourceControl",
      "location" : "https://github.com/bitmovin/player-ios-core.git",
      "state" : {
        "revision" : "5d3c0637dbe7a018af3abc2f1c8f61a9ffa21ca2",
        "version" : "3.66.1"
      }
    }
  ],
  "version" : 3
}
